
Microsoft Visual Studio Solution File, Format Version 12.00
# Visual Studio Version 17
VisualStudioVersion = 17.14.36301.6 d17.14
MinimumVisualStudioVersion = 10.0.40219.1
Project("{FAE04EC0-301F-11D3-BF4B-00C04F79EFBC}") = "OrderSystem", "OrderSystem\OrderSystem.csproj", "{B3F81325-E257-46FC-A128-37E8D4D04589}"
EndProject
Global
	GlobalSection(SolutionConfigurationPlatforms) = preSolution
		Debug|Any CPU = Debug|Any CPU
		Release|Any CPU = Release|Any CPU
	EndGlobalSection
	GlobalSection(ProjectConfigurationPlatforms) = postSolution
		{B3F81325-E257-46FC-A128-37E8D4D04589}.Debug|Any CPU.ActiveCfg = Debug|Any CPU
		{B3F81325-E257-46FC-A128-37E8D4D04589}.Debug|Any CPU.Build.0 = Debug|Any CPU
		{B3F81325-E257-46FC-A128-37E8D4D04589}.Release|Any CPU.ActiveCfg = Release|Any CPU
		{B3F81325-E257-46FC-A128-37E8D4D04589}.Release|Any CPU.Build.0 = Release|Any CPU
	EndGlobalSection
	GlobalSection(SolutionProperties) = preSolution
		HideSolutionNode = FALSE
	EndGlobalSection
	GlobalSection(ExtensibilityGlobals) = postSolution
		SolutionGuid = {BC9CE902-464E-4476-8DD2-DDFD7CAA1830}
	EndGlobalSection
EndGlobal
